
Microsoft Visual Studio Solution File, Format Version 12.00
# Visual Studio Version 17
VisualStudioVersion = 17.14.36310.24 d17.14
MinimumVisualStudioVersion = 10.0.40219.1
Project("{FAE04EC0-301F-11D3-BF4B-00C04F79EFBC}") = "AccesModifierLabTask", "AccesModifierLabTask.csproj", "{ABAE87E4-D7E0-4A12-A370-A1735D2B4A52}"
EndProject
Global
	GlobalSection(SolutionConfigurationPlatforms) = preSolution
		Debug|Any CPU = Debug|Any CPU
		Release|Any CPU = Release|Any CPU
	EndGlobalSection
	GlobalSection(ProjectConfigurationPlatforms) = postSolution
		{ABAE87E4-D7E0-4A12-A370-A1735D2B4A52}.Debug|Any CPU.ActiveCfg = Debug|Any CPU
		{ABAE87E4-D7E0-4A12-A370-A1735D2B4A52}.Debug|Any CPU.Build.0 = Debug|Any CPU
		{ABAE87E4-D7E0-4A12-A370-A1735D2B4A52}.Release|Any CPU.ActiveCfg = Release|Any CPU
		{ABAE87E4-D7E0-4A12-A370-A1735D2B4A52}.Release|Any CPU.Build.0 = Release|Any CPU
	EndGlobalSection
	GlobalSection(SolutionProperties) = preSolution
		HideSolutionNode = FALSE
	EndGlobalSection
	GlobalSection(ExtensibilityGlobals) = postSolution
		SolutionGuid = {817054F5-E3B8-44A9-BF51-83224FF089FD}
	EndGlobalSection
EndGlobal
